
Microsoft Visual Studio Solution File, Format Version 12.00
# Visual Studio Version 16
VisualStudioVersion = 16.0.30413.136
MinimumVisualStudioVersion = 10.0.40219.1
Project("{9A19103F-16F7-4668-BE54-9A1E7A4F7556}") = "zanstat", "zanstat\zanstat.csproj", "{8E0AC7CE-8F97-46D9-9679-FACC757AFFE8}"
EndProject
Project("{FAE04EC0-301F-11D3-BF4B-00C04F79EFBC}") = "zanlib", "zanlib\zanlib.csproj", "{C077DC09-7D6A-40B6-A007-DE97B416FB9C}"
EndProject
Global
	GlobalSection(SolutionConfigurationPlatforms) = preSolution
		Debug|Any CPU = Debug|Any CPU
		Release|Any CPU = Release|Any CPU
	EndGlobalSection
	GlobalSection(ProjectConfigurationPlatforms) = postSolution
		{8E0AC7CE-8F97-46D9-9679-FACC757AFFE8}.Debug|Any CPU.ActiveCfg = Debug|Any CPU
		{8E0AC7CE-8F97-46D9-9679-FACC757AFFE8}.Debug|Any CPU.Build.0 = Debug|Any CPU
		{8E0AC7CE-8F97-46D9-9679-FACC757AFFE8}.Release|Any CPU.ActiveCfg = Release|Any CPU
		{8E0AC7CE-8F97-46D9-9679-FACC757AFFE8}.Release|Any CPU.Build.0 = Release|Any CPU
		{C077DC09-7D6A-40B6-A007-DE97B416FB9C}.Debug|Any CPU.ActiveCfg = Debug|Any CPU
		{C077DC09-7D6A-40B6-A007-DE97B416FB9C}.Debug|Any CPU.Build.0 = Debug|Any CPU
		{C077DC09-7D6A-40B6-A007-DE97B416FB9C}.Release|Any CPU.ActiveCfg = Release|Any CPU
		{C077DC09-7D6A-40B6-A007-DE97B416FB9C}.Release|Any CPU.Build.0 = Release|Any CPU
	EndGlobalSection
	GlobalSection(SolutionProperties) = preSolution
		HideSolutionNode = FALSE
	EndGlobalSection
	GlobalSection(ExtensibilityGlobals) = postSolution
		SolutionGuid = {23ED47F2-B509-4AF0-94DC-DCDA4BEACF14}
	EndGlobalSection
EndGlobal
